// !$*UTF8*$!
{
	archiveVersion = 1;
	classes = {
	};
	objectVersion = 50;
	objects = {

/* Begin PBXBuildFile section */
		5D230884231B77DD00875A43 /* Login.storyboard in Resources */ = {isa = PBXBuildFile; fileRef = 5D230883231B77DD00875A43 /* Login.storyboard */; };
		5D230887231B784700875A43 /* LoginViewController.swift in Sources */ = {isa = PBXBuildFile; fileRef = 5D230886231B784700875A43 /* LoginViewController.swift */; };
		EA0FF90F231A39A700C144B2 /* AppDelegate.swift in Sources */ = {isa = PBXBuildFile; fileRef = EA0FF90E231A39A700C144B2 /* AppDelegate.swift */; };
		EA0FF911231A39A700C144B2 /* ViewController.swift in Sources */ = {isa = PBXBuildFile; fileRef = EA0FF910231A39A700C144B2 /* ViewController.swift */; };
		EA0FF914231A39A700C144B2 /* Main.storyboard in Resources */ = {isa = PBXBuildFile; fileRef = EA0FF912231A39A700C144B2 /* Main.storyboard */; };
		EA0FF916231A39AA00C144B2 /* Assets.xcassets in Resources */ = {isa = PBXBuildFile; fileRef = EA0FF915231A39AA00C144B2 /* Assets.xcassets */; };
		EA0FF919231A39AA00C144B2 /* LaunchScreen.storyboard in Resources */ = {isa = PBXBuildFile; fileRef = EA0FF917231A39AA00C144B2 /* LaunchScreen.storyboard */; };
/* End PBXBuildFile section */

/* Begin PBXFileReference section */
		5D230883231B77DD00875A43 /* Login.storyboard */ = {isa = PBXFileReference; lastKnownFileType = file.storyboard; path = Login.storyboard; sourceTree = "<group>"; };
		5D230886231B784700875A43 /* LoginViewController.swift */ = {isa = PBXFileReference; lastKnownFileType = sourcecode.swift; path = LoginViewController.swift; sourceTree = "<group>"; };
		EA0FF90B231A39A700C144B2 /* teamworkdemo1.app */ = {isa = PBXFileReference; explicitFileType = wrapper.application; includeInIndex = 0; path = teamworkdemo1.app; sourceTree = BUILT_PRODUCTS_DIR; };
		EA0FF90E231A39A700C144B2 /* AppDelegate.swift */ = {isa = PBXFileReference; lastKnownFileType = sourcecode.swift; path = AppDelegate.swift; sourceTree = "<group>"; };
		EA0FF910231A39A700C144B2 /* ViewController.swift */ = {isa = PBXFileReference; lastKnownFileType = sourcecode.swift; path = ViewController.swift; sourceTree = "<group>"; };
		EA0FF913231A39A700C144B2 /* Base */ = {isa = PBXFileReference; lastKnownFileType = file.storyboard; name = Base; path = Base.lproj/Main.storyboard; sourceTree = "<group>"; };
		EA0FF915231A39AA00C144B2 /* Assets.xcassets */ = {isa = PBXFileReference; lastKnownFileType = folder.assetcatalog; path = Assets.xcassets; sourceTree = "<group>"; };
		EA0FF918231A39AA00C144B2 /* Base */ = {isa = PBXFileReference; lastKnownFileType = file.storyboard; name = Base; path = Base.lproj/LaunchScreen.storyboard; sourceTree = "<group>"; };
		EA0FF91A231A39AA00C144B2 /* Info.plist */ = {isa = PBXFileReference; lastKnownFileType = text.plist.xml; path = Info.plist; sourceTree = "<group>"; };
/* End PBXFileReference section */

/* Begin PBXFrameworksBuildPhase section */
		EA0FF908231A39A700C144B2 /* Frameworks */ = {
			isa = PBXFrameworksBuildPhase;
			buildActionMask = 2147483647;
			files = (
			);
			runOnlyForDeploymentPostprocessing = 0;
		};
/* End PBXFrameworksBuildPhase section */

/* Begin PBXGroup section */
		5D230885231B782A00875A43 /* ViewController */ = {
			isa = PBXGroup;
			children = (
				5D230886231B784700875A43 /* LoginViewController.swift */,
				5D230888231B794300875A43 /* StoryBoard */,
			);
			path = ViewController;
			sourceTree = "<group>";
		};
		5D230888231B794300875A43 /* StoryBoard */ = {
			isa = PBXGroup;
			children = (
				EA0FF912231A39A700C144B2 /* Main.storyboard */,
				5D230883231B77DD00875A43 /* Login.storyboard */,
			);
			path = StoryBoard;
			sourceTree = "<group>";
		};
		EA0FF902231A39A700C144B2 = {
			isa = PBXGroup;
			children = (
				EA0FF90D231A39A700C144B2 /* teamworkdemo1 */,
				EA0FF90C231A39A700C144B2 /* Products */,
			);
			sourceTree = "<group>";
		};
		EA0FF90C231A39A700C144B2 /* Products */ = {
			isa = PBXGroup;
			children = (
				EA0FF90B231A39A700C144B2 /* teamworkdemo1.app */,
			);
			name = Products;
			sourceTree = "<group>";
		};
		EA0FF90D231A39A700C144B2 /* teamworkdemo1 */ = {
			isa = PBXGroup;
			children = (
				EA0FF90E231A39A700C144B2 /* AppDelegate.swift */,
				EA0FF910231A39A700C144B2 /* ViewController.swift */,
				5D230885231B782A00875A43 /* ViewController */,
				EA0FF915231A39AA00C144B2 /* Assets.xcassets */,
				EA0FF917231A39AA00C144B2 /* LaunchScreen.storyboard */,
				EA0FF91A231A39AA00C144B2 /* Info.plist */,
			);
			path = teamworkdemo1;
			sourceTree = "<group>";
		};
/* End PBXGroup section */

/* Begin PBXNativeTarget section */
		EA0FF90A231A39A700C144B2 /* teamworkdemo1 */ = {
			isa = PBXNativeTarget;
			buildConfigurationList = EA0FF91D231A39AA00C144B2 /* Build configuration list for PBXNativeTarget "teamworkdemo1" */;
			buildPhases = (
				EA0FF907231A39A700C144B2 /* Sources */,
				EA0FF908231A39A700C144B2 /* Frameworks */,
				EA0FF909231A39A700C144B2 /* Resources */,
			);
			buildRules = (
			);
			dependencies = (
			);
			name = teamworkdemo1;
			productName = teamworkdemo1;
			productReference = EA0FF90B231A39A700C144B2 /* teamworkdemo1.app */;
			productType = "com.apple.product-type.application";
		};
/* End PBXNativeTarget section */

/* Begin PBXProject section */
		EA0FF903231A39A700C144B2 /* Project object */ = {
			isa = PBXProject;
			attributes = {
				LastSwiftUpdateCheck = 1010;
				LastUpgradeCheck = 1010;
				ORGANIZATIONNAME = "Min Aung Hein";
				TargetAttributes = {
					EA0FF90A231A39A700C144B2 = {
						CreatedOnToolsVersion = 10.1;
					};
				};
			};
			buildConfigurationList = EA0FF906231A39A700C144B2 /* Build configuration list for PBXProject "teamworkdemo1" */;
			compatibilityVersion = "Xcode 9.3";
			developmentRegion = en;
			hasScannedForEncodings = 0;
			knownRegions = (
				en,
				Base,
			);
			mainGroup = EA0FF902231A39A700C144B2;
			productRefGroup = EA0FF90C231A39A700C144B2 /* Products */;
			projectDirPath = "";
			projectRoot = "";
			targets = (
				EA0FF90A231A39A700C144B2 /* teamworkdemo1 */,
			);
		};
/* End PBXProject section */

/* Begin PBXResourcesBuildPhase section */
		EA0FF909231A39A700C144B2 /* Resources */ = {
			isa = PBXResourcesBuildPhase;
			buildActionMask = 2147483647;
			files = (
				5D230884231B77DD00875A43 /* Login.storyboard in Resources */,
				EA0FF919231A39AA00C144B2 /* LaunchScreen.storyboard in Resources */,
				EA0FF916231A39AA00C144B2 /* Assets.xcassets in Resources */,
				EA0FF914231A39A700C144B2 /* Main.storyboard in Resources */,
			);
			runOnlyForDeploymentPostprocessing = 0;
		};
/* End PBXResourcesBuildPhase section */

/* Begin PBXSourcesBuildPhase section */
		EA0FF907231A39A700C144B2 /* Sources */ = {
			isa = PBXSourcesBuildPhase;
			buildActionMask = 2147483647;
			files = (
				5D230887231B784700875A43 /* LoginViewController.swift in Sources */,
				EA0FF911231A39A700C144B2 /* ViewController.swift in Sources */,
				EA0FF90F231A39A700C144B2 /* AppDelegate.swift in Sources */,
			);
			runOnlyForDeploymentPostprocessing = 0;
		};
/* End PBXSourcesBuildPhase section */

/* Begin PBXVariantGroup section */
		EA0FF912231A39A700C144B2 /* Main.storyboard */ = {
			isa = PBXVariantGroup;
			children = (
				EA0FF913231A39A700C144B2 /* Base */,
			);
			name = Main.storyboard;
			sourceTree = "<group>";
		};
		EA0FF917231A39AA00C144B2 /* LaunchScreen.storyboard */ = {
			isa = PBXVariantGroup;
			children = (
				EA0FF918231A39AA00C144B2 /* Base */,
			);
			name = LaunchScreen.storyboard;
			sourceTree = "<group>";
		};
/* End PBXVariantGroup section */

/* Begin XCBuildConfiguration section */
		EA0FF91B231A39AA00C144B2 /* Debug */ = {
			isa = XCBuildConfiguration;
			buildSettings = {
				ALWAYS_SEARCH_USER_PATHS = NO;
				CLANG_ANALYZER_NONNULL = YES;
				CLANG_ANALYZER_NUMBER_OBJECT_CONVERSION = YES_AGGRESSIVE;
				CLANG_CXX_LANGUAGE_STANDARD = "gnu++14";
				CLANG_CXX_LIBRARY = "libc++";
				CLANG_ENABLE_MODULES = YES;
				CLANG_ENABLE_OBJC_ARC = YES;
				CLANG_ENABLE_OBJC_WEAK = YES;
				CLANG_WARN_BLOCK_CAPTURE_AUTORELEASING = YES;
				CLANG_WARN_BOOL_CONVERSION = YES;
				CLANG_WARN_COMMA = YES;
				CLANG_WARN_CONSTANT_CONVERSION = YES;
				CLANG_WARN_DEPRECATED_OBJC_IMPLEMENTATIONS = YES;
				CLANG_WARN_DIRECT_OBJC_ISA_USAGE = YES_ERROR;
				CLANG_WARN_DOCUMENTATION_COMMENTS = YES;
				CLANG_WARN_EMPTY_BODY = YES;
				CLANG_WARN_ENUM_CONVERSION = YES;
				CLANG_WARN_INFINITE_RECURSION = YES;
				CLANG_WARN_INT_CONVERSION = YES;
				CLANG_WARN_NON_LITERAL_NULL_CONVERSION = YES;
				CLANG_WARN_OBJC_IMPLICIT_RETAIN_SELF = YES;
				CLANG_WARN_OBJC_LITERAL_CONVERSION = YES;
				CLANG_WARN_OBJC_ROOT_CLASS = YES_ERROR;
				CLANG_WARN_RANGE_LOOP_ANALYSIS = YES;
				CLANG_WARN_STRICT_PROTOTYPES = YES;
				CLANG_WARN_SUSPICIOUS_MOVE = YES;
				CLANG_WARN_UNGUARDED_AVAILABILITY = YES_AGGRESSIVE;
				CLANG_WARN_UNREACHABLE_CODE = YES;
				CLANG_WARN__DUPLICATE_METHOD_MATCH = YES;
				CODE_SIGN_IDENTITY = "iPhone Developer";
				COPY_PHASE_STRIP = NO;
				DEBUG_INFORMATION_FORMAT = dwarf;
				ENABLE_STRICT_OBJC_MSGSEND = YES;
				ENABLE_TESTABILITY = YES;
				GCC_C_LANGUAGE_STANDARD = gnu11;
				GCC_DYNAMIC_NO_PIC = NO;
				GCC_NO_COMMON_BLOCKS = YES;
				GCC_OPTIMIZATION_LEVEL = 0;
				GCC_PREPROCESSOR_DEFINITIONS = (
					"DEBUG=1",
					"$(inherited)",
				);
				GCC_WARN_64_TO_32_BIT_CONVERSION = YES;
				GCC_WARN_ABOUT_RETURN_TYPE = YES_ERROR;
				GCC_WARN_UNDECLARED_SELECTOR = YES;
				GCC_WARN_UNINITIALIZED_AUTOS = YES_AGGRESSIVE;
				GCC_WARN_UNUSED_FUNCTION = YES;
				GCC_WARN_UNUSED_VARIABLE = YES;
				IPHONEOS_DEPLOYMENT_TARGET = 12.1;
				MTL_ENABLE_DEBUG_INFO = INCLUDE_SOURCE;
				MTL_FAST_MATH = YES;
				ONLY_ACTIVE_ARCH = YES;
				SDKROOT = iphoneos;
				SWIFT_ACTIVE_COMPILATION_CONDITIONS = DEBUG;
				SWIFT_OPTIMIZATION_LEVEL = "-Onone";
			};
			name = Debug;
		};
		EA0FF91C231A39AA00C144B2 /* Release */ = {
			isa = XCBuildConfiguration;
			buildSettings = {
				ALWAYS_SEARCH_USER_PATHS = NO;
				CLANG_ANALYZER_NONNULL = YES;
				CLANG_ANALYZER_NUMBER_OBJECT_CONVERSION = YES_AGGRESSIVE;
				CLANG_CXX_LANGUAGE_STANDARD = "gnu++14";
				CLANG_CXX_LIBRARY = "libc++";
				CLANG_ENABLE_MODULES = YES;
				CLANG_ENABLE_OBJC_ARC = YES;
				CLANG_ENABLE_OBJC_WEAK = YES;
				CLANG_WARN_BLOCK_CAPTURE_AUTORELEASING = YES;
				CLANG_WARN_BOOL_CONVERSION = YES;
				CLANG_WARN_COMMA = YES;
				CLANG_WARN_CONSTANT_CONVERSION = YES;
				CLANG_WARN_DEPRECATED_OBJC_IMPLEMENTATIONS = YES;
				CLANG_WARN_DIRECT_OBJC_ISA_USAGE = YES_ERROR;
				CLANG_WARN_DOCUMENTATION_COMMENTS = YES;
				CLANG_WARN_EMPTY_BODY = YES;
				CLANG_WARN_ENUM_CONVERSION = YES;
				CLANG_WARN_INFINITE_RECURSION = YES;
				CLANG_WARN_INT_CONVERSION = YES;
				CLANG_WARN_NON_LITERAL_NULL_CONVERSION = YES;
				CLANG_WARN_OBJC_IMPLICIT_RETAIN_SELF = YES;
				CLANG_WARN_OBJC_LITERAL_CONVERSION = YES;
				CLANG_WARN_OBJC_ROOT_CLASS = YES_ERROR;
				CLANG_WARN_RANGE_LOOP_ANALYSIS = YES;
				CLANG_WARN_STRICT_PROTOTYPES = YES;
				CLANG_WARN_SUSPICIOUS_MOVE = YES;
				CLANG_WARN_UNGUARDED_AVAILABILITY = YES_AGGRESSIVE;
				CLANG_WARN_UNREACHABLE_CODE = YES;
				CLANG_WARN__DUPLICATE_METHOD_MATCH = YES;
				CODE_SIGN_IDENTITY = "iPhone Developer";
				COPY_PHASE_STRIP = NO;
				DEBUG_INFORMATION_FORMAT = "dwarf-with-dsym";
				ENABLE_NS_ASSERTIONS = NO;
				ENABLE_STRICT_OBJC_MSGSEND = YES;
				GCC_C_LANGUAGE_STANDARD = gnu11;
				GCC_NO_COMMON_BLOCKS = YES;
				GCC_WARN_64_TO_32_BIT_CONVERSION = YES;
				GCC_WARN_ABOUT_RETURN_TYPE = YES_ERROR;
				GCC_WARN_UNDECLARED_SELECTOR = YES;
				GCC_WARN_UNINITIALIZED_AUTOS = YES_AGGRESSIVE;
				GCC_WARN_UNUSED_FUNCTION = YES;
				GCC_WARN_UNUSED_VARIABLE = YES;
				IPHONEOS_DEPLOYMENT_TARGET = 12.1;
				MTL_ENABLE_DEBUG_INFO = NO;
				MTL_FAST_MATH = YES;
				SDKROOT = iphoneos;
				SWIFT_COMPILATION_MODE = wholemodule;
				SWIFT_OPTIMIZATION_LEVEL = "-O";
				VALIDATE_PRODUCT = YES;
			};
			name = Release;
		};
		EA0FF91E231A39AA00C144B2 /* Debug */ = {
			isa = XCBuildConfiguration;
			buildSettings = {
				ASSETCATALOG_COMPILER_APPICON_NAME = AppIcon;
				CODE_SIGN_STYLE = Automatic;
				DEVELOPMENT_TEAM = V2NHD2PTYH;
				INFOPLIST_FILE = teamworkdemo1/Info.plist;
				LD_RUNPATH_SEARCH_PATHS = (
					"$(inherited)",
					"@executable_path/Frameworks",
				);
				PRODUCT_BUNDLE_IDENTIFIER = com.techplus.teamworkdemo1;
				PRODUCT_NAME = "$(TARGET_NAME)";
				SWIFT_VERSION = 4.2;
				TARGETED_DEVICE_FAMILY = "1,2";
			};
			name = Debug;
		};
		EA0FF91F231A39AA00C144B2 /* Release */ = {
			isa = XCBuildConfiguration;
			buildSettings = {
				ASSETCATALOG_COMPILER_APPICON_NAME = AppIcon;
				CODE_SIGN_STYLE = Automatic;
				DEVELOPMENT_TEAM = V2NHD2PTYH;
				INFOPLIST_FILE = teamworkdemo1/Info.plist;
				LD_RUNPATH_SEARCH_PATHS = (
					"$(inherited)",
					"@executable_path/Frameworks",
				);
				PRODUCT_BUNDLE_IDENTIFIER = com.techplus.teamworkdemo1;
				PRODUCT_NAME = "$(TARGET_NAME)";
				SWIFT_VERSION = 4.2;
				TARGETED_DEVICE_FAMILY = "1,2";
			};
			name = Release;
		};
/* End XCBuildConfiguration section */

/* Begin XCConfigurationList section */
		EA0FF906231A39A700C144B2 /* Build configuration list for PBXProject "teamworkdemo1" */ = {
			isa = XCConfigurationList;
			buildConfigurations = (
				EA0FF91B231A39AA00C144B2 /* Debug */,
				EA0FF91C231A39AA00C144B2 /* Release */,
			);
			defaultConfigurationIsVisible = 0;
			defaultConfigurationName = Release;
		};
		EA0FF91D231A39AA00C144B2 /* Build configuration list for PBXNativeTarget "teamworkdemo1" */ = {
			isa = XCConfigurationList;
			buildConfigurations = (
				EA0FF91E231A39AA00C144B2 /* Debug */,
				EA0FF91F231A39AA00C144B2 /* Release */,
			);
			defaultConfigurationIsVisible = 0;
			defaultConfigurationName = Release;
		};
/* End XCConfigurationList section */
	};
	rootObject = EA0FF903231A39A700C144B2 /* Project object */;
}
